
Microsoft Visual Studio Solution File, Format Version 12.00
# Visual Studio Version 17
VisualStudioVersion = 17.4.33103.184
MinimumVisualStudioVersion = 10.0.40219.1
Project("{9A19103F-16F7-4668-BE54-9A1E7A4F7556}") = "RazorPizzaDoma", "RazorPizzaDoma\RazorPizzaDoma.csproj", "{D052E52C-DF16-4BF6-9D16-0E3993076E6A}"
EndProject
Global
	GlobalSection(SolutionConfigurationPlatforms) = preSolution
		Debug|Any CPU = Debug|Any CPU
		Release|Any CPU = Release|Any CPU
	EndGlobalSection
	GlobalSection(ProjectConfigurationPlatforms) = postSolution
		{D052E52C-DF16-4BF6-9D16-0E3993076E6A}.Debug|Any CPU.ActiveCfg = Debug|Any CPU
		{D052E52C-DF16-4BF6-9D16-0E3993076E6A}.Debug|Any CPU.Build.0 = Debug|Any CPU
		{D052E52C-DF16-4BF6-9D16-0E3993076E6A}.Release|Any CPU.ActiveCfg = Release|Any CPU
		{D052E52C-DF16-4BF6-9D16-0E3993076E6A}.Release|Any CPU.Build.0 = Release|Any CPU
	EndGlobalSection
	GlobalSection(SolutionProperties) = preSolution
		HideSolutionNode = FALSE
	EndGlobalSection
	GlobalSection(ExtensibilityGlobals) = postSolution
		SolutionGuid = {D8D30091-28CC-4774-B2A9-FC6B1D94E541}
	EndGlobalSection
EndGlobal
